
Microsoft Visual Studio Solution File, Format Version 12.00
# Visual Studio 2013
VisualStudioVersion = 12.0.30110.0
MinimumVisualStudioVersion = 10.0.40219.1
Project("{FAE04EC0-301F-11D3-BF4B-00C04F79EFBC}") = "Azure.ActiveDirectory", "Azure.ActiveDirectory\Azure.ActiveDirectory.csproj", "{0EEF3911-3D2A-4BD8-B466-C8F1BBB09822}"
EndProject
Project("{2150E333-8FDC-42A3-9474-1A3956D46DE8}") = ".nuget", ".nuget", "{6F42ACF5-F195-4D01-9DB7-99B2560FDA7C}"
	ProjectSection(SolutionItems) = preProject
		.nuget\NuGet.Config = .nuget\NuGet.Config
		.nuget\NuGet.exe = .nuget\NuGet.exe
		.nuget\NuGet.targets = .nuget\NuGet.targets
	EndProjectSection
EndProject
Project("{FAE04EC0-301F-11D3-BF4B-00C04F79EFBC}") = "RolesBasedAuthenticationSample", "Sample\RolesBasedAuthenticationSample\RolesBasedAuthenticationSample\RolesBasedAuthenticationSample.csproj", "{151778E2-7593-4A2C-8415-D43E3C3101A7}"
EndProject
Global
	GlobalSection(SolutionConfigurationPlatforms) = preSolution
		Debug|Any CPU = Debug|Any CPU
		Release|Any CPU = Release|Any CPU
	EndGlobalSection
	GlobalSection(ProjectConfigurationPlatforms) = postSolution
		{0EEF3911-3D2A-4BD8-B466-C8F1BBB09822}.Debug|Any CPU.ActiveCfg = Debug|Any CPU
		{0EEF3911-3D2A-4BD8-B466-C8F1BBB09822}.Debug|Any CPU.Build.0 = Debug|Any CPU
		{0EEF3911-3D2A-4BD8-B466-C8F1BBB09822}.Release|Any CPU.ActiveCfg = Release|Any CPU
		{0EEF3911-3D2A-4BD8-B466-C8F1BBB09822}.Release|Any CPU.Build.0 = Release|Any CPU
		{151778E2-7593-4A2C-8415-D43E3C3101A7}.Debug|Any CPU.ActiveCfg = Debug|Any CPU
		{151778E2-7593-4A2C-8415-D43E3C3101A7}.Debug|Any CPU.Build.0 = Debug|Any CPU
		{151778E2-7593-4A2C-8415-D43E3C3101A7}.Release|Any CPU.ActiveCfg = Release|Any CPU
		{151778E2-7593-4A2C-8415-D43E3C3101A7}.Release|Any CPU.Build.0 = Release|Any CPU
	EndGlobalSection
	GlobalSection(SolutionProperties) = preSolution
		HideSolutionNode = FALSE
	EndGlobalSection
EndGlobal
